
Microsoft Visual Studio Solution File, Format Version 12.00
# Visual Studio Version 17
VisualStudioVersion = 17.13.35828.75 d17.13
MinimumVisualStudioVersion = 10.0.40219.1
Project("{FAE04EC0-301F-11D3-BF4B-00C04F79EFBC}") = "Pagamento", "Pagamento\Pagamento.csproj", "{E0BDF8DE-49F1-4A5A-973F-21DBB111A31D}"
EndProject
Global
	GlobalSection(SolutionConfigurationPlatforms) = preSolution
		Debug|Any CPU = Debug|Any CPU
		Release|Any CPU = Release|Any CPU
	EndGlobalSection
	GlobalSection(ProjectConfigurationPlatforms) = postSolution
		{E0BDF8DE-49F1-4A5A-973F-21DBB111A31D}.Debug|Any CPU.ActiveCfg = Debug|Any CPU
		{E0BDF8DE-49F1-4A5A-973F-21DBB111A31D}.Debug|Any CPU.Build.0 = Debug|Any CPU
		{E0BDF8DE-49F1-4A5A-973F-21DBB111A31D}.Release|Any CPU.ActiveCfg = Release|Any CPU
		{E0BDF8DE-49F1-4A5A-973F-21DBB111A31D}.Release|Any CPU.Build.0 = Release|Any CPU
	EndGlobalSection
	GlobalSection(SolutionProperties) = preSolution
		HideSolutionNode = FALSE
	EndGlobalSection
	GlobalSection(ExtensibilityGlobals) = postSolution
		SolutionGuid = {20C645BD-1CE6-41E7-8C10-E4F8A135808D}
	EndGlobalSection
EndGlobal
